# This file was autogenerated by uv via the following command:
#    uv pip compile --python-version 3.12 --python-platform x86_64-manylinux_2_28 --generate-hashes --output-file tools/jovian_wheel_runtime/cuda-runtime.lock tools/jovian_wheel_runtime/cuda-runtime.in
nvidia-cublas==13.7.0.27 \
    --hash=sha256:15d3963ae9de7292348ced320c849ff27f76b0f433b81589e9eb87f5407841c9 \
    --hash=sha256:39f240346a8bbc6c4f1e3100dcfa2c6d3fe353db513060329ef28cdd43c27f2f \
    --hash=sha256:481adf76a6b7585a7a4cd5f53298589abe207415dd584887751b99baa85491d4 \
    --hash=sha256:4cf58f2c8a4743a2717b0f5c51a90f0d93ada416d71eb3d96b17ca29b7af0106
    # via
    #   -r tools/jovian_wheel_runtime/cuda-runtime.in
    #   nvidia-cudnn-cu13
    #   nvidia-cusolver
nvidia-cuda-cccl==13.3.4.2.1 \
    --hash=sha256:1acac53f4af7766d7ab7cc7be5c89d9533d545dbef4910f3b5aab5ae4ef4da48 \
    --hash=sha256:2b932d5419e7d2e03aee621a550191d67d74649fb8ba0adb940a6917994df438 \
    --hash=sha256:36dd7c32e77fc97909fad2b1c1d07eda30783611994471b6a4efd5c018a0e9b8 \
    --hash=sha256:4a78adf03982c941708aa9cc7967d73370a9c59ad1ac4e63a1ca7509bc54e392
    # via nvidia-nvshmem-cu13
nvidia-cuda-crt==13.4.59 \
    --hash=sha256:02e408d082f5b5a653b1ce8d97c7fabd76fa68c8770cc11d04bbc2440dfdd7a8 \
    --hash=sha256:32a48e6b08d1c00f10068edd2e212b9c0e9a1a784a0403cdd715fa81551759f9 \
    --hash=sha256:cf51a97c180dfff25b63a8dd0d4a760e8c6ffa2e934b5b3348873fefd0cd0a2c \
    --hash=sha256:d573b3c663585b2d97e6edddd4b71407d38dfda5046aa7ab370759dc8698c409
    # via nvidia-cuda-nvcc
nvidia-cuda-cupti==13.4.58 \
    --hash=sha256:1d0cc8f0d2141c1dae72e2a7618edc2407da02b6a9111bc093f9c15fe8edf3a0 \
    --hash=sha256:7692ab22ff59852807c7e5946505b31b5943e56964f6afb6d7f572e668a92607 \
    --hash=sha256:97203894e99c68ba120eaef7327449a7573634a0f774cf75679718d5f6b50609 \
    --hash=sha256:b6fa6525b6314a10c7adffcf4f2b0b2987580547672ba6e07054b38c0516d91a
    # via -r tools/jovian_wheel_runtime/cuda-runtime.in
nvidia-cuda-nvcc==13.4.59 \
    --hash=sha256:18f351fcc3db1b048c1443934ffad3f55c7603d5f2cb0af94dfc6decbc35612e \
    --hash=sha256:5a02c4a5beb1cc19a56148c0384c2ef7c2699259308ae41fc32ddab3976b51ce \
    --hash=sha256:d150d4e92e1fceaea4c7939e140c13045d4e6b81e7f91048549f50363318017a \
    --hash=sha256:fd0719f59b87e14c96a75c0219932b248ac32ba431273b1bc830102efe912f1f
    # via -r tools/jovian_wheel_runtime/cuda-runtime.in
nvidia-cuda-nvrtc==13.4.59 \
    --hash=sha256:93755e0f94e717c61168fb348ab5e2f5c67aa2f918416b1786f55ff813f6923d \
    --hash=sha256:da5e1ba65f402b2fdf1c4bfcb16e27df47e8ade27f7936b1524cb10cdd61a1c8 \
    --hash=sha256:ec27241be8b65e88d37a25d5e4ec0f4fdb0499439a7d5122cfdc74457752ae81 \
    --hash=sha256:f6cb36996797989976bd021d89e263be379668be7a4249cc95a3d11590bda652
    # via
    #   -r tools/jovian_wheel_runtime/cuda-runtime.in
    #   nvidia-cublas
nvidia-cuda-runtime==13.4.49 \
    --hash=sha256:0b228cc646acda27e9b512b8b94417c3ff8b3d24a0ad9b1d6603dc6c2a908046 \
    --hash=sha256:415721ff22922160690b91aa1f71691768101fcf88a2583fb3b4544c8cccfee4 \
    --hash=sha256:65953fd8e1ac0477d088befb2e6c725c2f848996e6fd49c23241ab1a7c800c29 \
    --hash=sha256:7497eabb284aad39c47b7b469f681578dcc6aa4ebabd838c042b9bcf5f6d0abe
    # via
    #   -r tools/jovian_wheel_runtime/cuda-runtime.in
    #   nvidia-cuda-nvcc
nvidia-cudnn-cu13==9.26.0.51 \
    --hash=sha256:8e37a83d7dd7c2663afcae38b1c95c5e9e7c9754f313800da95ca81439fa37f9 \
    --hash=sha256:8e5b4f5eccff721416f70ecf4353172fc4d5cdd8ca869fe6f983a4a5b0147b20 \
    --hash=sha256:9c976d539786698c71d6bcdbe2053b7485fae062ff7e1215d2f2ff67b1a2149a
    # via -r tools/jovian_wheel_runtime/cuda-runtime.in
nvidia-cufft==12.4.0.34 \
    --hash=sha256:24db6aab7e8e62475a32d147ea374562fb7397eb9134b359ed788b0544f613d7 \
    --hash=sha256:a62fc7d3a21869baec8bad95a66625c70a8321672c41ea2218fcf55e07f5ad4b \
    --hash=sha256:dcfd1c860e242b03518eeb30d21deb8c9496e6660b0d3f5485a2ffc492a7185a \
    --hash=sha256:faf25c648f0999f14a5ce31cafd98aa166ebaeee993370b0ef60b86863f99119
    # via -r tools/jovian_wheel_runtime/cuda-runtime.in
nvidia-cufile==1.19.0.109 \
    --hash=sha256:c68cd21b6c9c31b35e72626d5792446e4839e89139a74e4e6a05645f5785355b \
    --hash=sha256:ef4dc0702f678699d7667cb7f170849dc2061dc16851d7e6cdf72670111660f6
    # via -r tools/jovian_wheel_runtime/cuda-runtime.in
nvidia-curand==10.4.4.49 \
    --hash=sha256:29ab34b14d64df5e8d0dca7302d0efe104112a8e3dbf57aea6228a9357c8543a \
    --hash=sha256:51b463b4cac6aa73ab54ecf2b752046d8a5f760957becc0aea90f2ca9abdaf56 \
    --hash=sha256:5992fea10ff452dc4f0357d2c76ab8ac7e31f5fa99938a019abc18545ab5e3ce \
    --hash=sha256:8dd1d9412eb0cede40da64bba937e62585e8841388a767024011cd066eec5d37
    # via -r tools/jovian_wheel_runtime/cuda-runtime.in
nvidia-cusolver==12.3.2.15 \
    --hash=sha256:04a598c31c74e88293a505a5d36fa9030bba4e2b05b19be3f75fbb869ffadaf5 \
    --hash=sha256:0e401b1ae1e484e5e17218b919f9a17ba3c273ab11e788a8bdedcdc245d98af3 \
    --hash=sha256:a05f3ecb2e2df22117173e49e3c57e80ecbb8f4f1fc8b28750fb0d019be65bb8 \
    --hash=sha256:a2a87b02aa59a88220f6c2d28589decb167ba3a575dfe90ec490cac841fe788f
    # via -r tools/jovian_wheel_runtime/cuda-runtime.in
nvidia-cusparse==12.8.6.49 \
    --hash=sha256:3bf4f2e34e8cfe0c691a4afd7bd479bee49f44dc5fa4940d9d54f720cbd6f2f3 \
    --hash=sha256:7578698de43ca4f72371076adcba460182c4ae5b2263a094d6e70bc59db7fe10 \
    --hash=sha256:aeee3f0f53e18345a75c9cb25d34070823d73ae193ab231ee7438fe30abbdfc5 \
    --hash=sha256:f740691172baae1d498f754cfbb565933c7dbcd7b16544d69fa666283d0715d7
    # via
    #   -r tools/jovian_wheel_runtime/cuda-runtime.in
    #   nvidia-cusolver
nvidia-cusparselt-cu13==0.9.1 \
    --hash=sha256:49e54b7cecb049b039381d4cb8389afd2f18d83cdca285ba8231ee0ff4341dc1 \
    --hash=sha256:514a84d71b4edb8609108253d3d9ea283542162a0861787f600b704ed663e58c \
    --hash=sha256:a7dd536f0fd2ea7c65395a6d63568bcd98c2522349112e1e61f8b1d19d559528
    # via -r tools/jovian_wheel_runtime/cuda-runtime.in
nvidia-nvjitlink==13.4.52 \
    --hash=sha256:3a589e3732140839349545efd0db67426523459b12e6952c3c73b6d55900f200 \
    --hash=sha256:4bd7c27adc7832da5e6b8580fa64a42b9eebc94baae3ddcbedf4719f0bab2bb8 \
    --hash=sha256:75f7e1a04b0a63c7d8af9921e1ed45d9ef880d3c6ef976989082482698e01205 \
    --hash=sha256:90401db7e5a580a5067a468b3086e0b65f3b96ab3c42524afd741efc8a0e150a
    # via
    #   -r tools/jovian_wheel_runtime/cuda-runtime.in
    #   nvidia-cufft
    #   nvidia-cusolver
    #   nvidia-cusparse
nvidia-nvshmem-cu13==3.7.1 \
    --hash=sha256:23bd649aeb0518a380ed649bdbe090cbbac95aa24b8038890454dedd5cf51350 \
    --hash=sha256:d0ac6c34d77d7528c72f0e50ed6a03a19670a8c6d0dc8c67a06f768502698f9a
    # via -r tools/jovian_wheel_runtime/cuda-runtime.in
nvidia-nvtx==13.4.49 \
    --hash=sha256:b81df65b135cfaafb0ff1bc6a9eef6c597c62c5805fc1437e659d88b9b39717f \
    --hash=sha256:b8aa907e71a84183de6a33df169de91eedd14a898895abcf1b10319267273157 \
    --hash=sha256:c2d174f7d182d090ab29aa180031e07b596a229a1cea850dbf5ceacc553e4be0 \
    --hash=sha256:ddb11f33842a0155ea52be98c5763634ca8cc7f8e859117a4ee8306abc9922da
    # via -r tools/jovian_wheel_runtime/cuda-runtime.in
nvidia-nvvm==13.4.59 \
    --hash=sha256:05a8fd4c35986b12598a46b1e8adcb84ec37f71e1897d46689d8848a0422649a \
    --hash=sha256:42fb0febb7d54fe25401cbb1887a295fb79f63eb8de087c4b551941f452ea880 \
    --hash=sha256:5b21e81ca57ca15b13d75866de7d45e524eaba2fb418738d2bac5509e9a0e502 \
    --hash=sha256:ddbf1113c0cc4e8ba56b2dd4f6ffbfb4fe6c9ba8cf55aec72d66e6229ce67d10
    # via nvidia-cuda-nvcc
