# This file was autogenerated by uv via the following command:
#    uv pip compile --python-version 3.12 --python-platform x86_64-manylinux_2_28 --generate-hashes --output-file tools/jovian_wheel_runtime/foundation-runtime.lock tools/jovian_wheel_runtime/foundation-runtime.in
einops==0.8.2 \
    --hash=sha256:54058201ac7087911181bfec4af6091bb59380360f069276601256a76af08193 \
    --hash=sha256:609da665570e5e265e27283aab09e7f279ade90c4f01bcfca111f3d3e13f2827
    # via -r tools/jovian_wheel_runtime/foundation-runtime.in
filelock==3.32.3 \
    --hash=sha256:0ffa185a3540854c95caa7fa76b76cb219d907415e2c5dc9af25fd970563487f \
    --hash=sha256:7f0ca4bcc0e181c60dbbd8aa9ab5b120ebb99e4e064e83636340056f833a1f09
    # via -r tools/jovian_wheel_runtime/foundation-runtime.in
fsspec==2026.6.0 \
    --hash=sha256:02e0b71817df9b2169dc30a16832045764def1191b43dcff5bb85bdee212d2a1 \
    --hash=sha256:f5bac145310fe30e16e1471bd6840b2d990d609e872251d7e674241822abf01a
    # via -r tools/jovian_wheel_runtime/foundation-runtime.in
jinja2==3.1.6 \
    --hash=sha256:0137fb05990d35f1275a587e9aee6d56da821fc83491a0fb838183be43f66d6d \
    --hash=sha256:85ece4451f492d0c13c5dd7c13a64681a86afae63a5f347908daf103ce6d2f67
    # via -r tools/jovian_wheel_runtime/foundation-runtime.in
markupsafe==3.0.3 \
    --hash=sha256:0303439a41979d9e74d18ff5e2dd8c43ed6c6001fd40e5bf2e43f7bd9bbc523f \
    --hash=sha256:068f375c472b3e7acbe2d5318dea141359e6900156b5b2ba06a30b169086b91a \
    --hash=sha256:0bf2a864d67e76e5c9a34dc26ec616a66b9888e25e7b9460e1c76d3293bd9dbf \
    --hash=sha256:0db14f5dafddbb6d9208827849fad01f1a2609380add406671a26386cdf15a19 \
    --hash=sha256:0eb9ff8191e8498cca014656ae6b8d61f39da5f95b488805da4bb029cccbfbaf \
    --hash=sha256:0f4b68347f8c5eab4a13419215bdfd7f8c9b19f2b25520968adfad23eb0ce60c \
    --hash=sha256:1085e7fbddd3be5f89cc898938f42c0b3c711fdcb37d75221de2666af647c175 \
    --hash=sha256:116bb52f642a37c115f517494ea5feb03889e04df47eeff5b130b1808ce7c219 \
    --hash=sha256:12c63dfb4a98206f045aa9563db46507995f7ef6d83b2f68eda65c307c6829eb \
    --hash=sha256:133a43e73a802c5562be9bbcd03d090aa5a1fe899db609c29e8c8d815c5f6de6 \
    --hash=sha256:1353ef0c1b138e1907ae78e2f6c63ff67501122006b0f9abad68fda5f4ffc6ab \
    --hash=sha256:15d939a21d546304880945ca1ecb8a039db6b4dc49b2c5a400387cdae6a62e26 \
    --hash=sha256:177b5253b2834fe3678cb4a5f0059808258584c559193998be2601324fdeafb1 \
    --hash=sha256:1872df69a4de6aead3491198eaf13810b565bdbeec3ae2dc8780f14458ec73ce \
    --hash=sha256:1b4b79e8ebf6b55351f0d91fe80f893b4743f104bff22e90697db1590e47a218 \
    --hash=sha256:1b52b4fb9df4eb9ae465f8d0c228a00624de2334f216f178a995ccdcf82c4634 \
    --hash=sha256:1ba88449deb3de88bd40044603fafffb7bc2b055d626a330323a9ed736661695 \
    --hash=sha256:1cc7ea17a6824959616c525620e387f6dd30fec8cb44f649e31712db02123dad \
    --hash=sha256:218551f6df4868a8d527e3062d0fb968682fe92054e89978594c28e642c43a73 \
    --hash=sha256:26a5784ded40c9e318cfc2bdb30fe164bdb8665ded9cd64d500a34fb42067b1c \
    --hash=sha256:2713baf880df847f2bece4230d4d094280f4e67b1e813eec43b4c0e144a34ffe \
    --hash=sha256:2a15a08b17dd94c53a1da0438822d70ebcd13f8c3a95abe3a9ef9f11a94830aa \
    --hash=sha256:2f981d352f04553a7171b8e44369f2af4055f888dfb147d55e42d29e29e74559 \
    --hash=sha256:32001d6a8fc98c8cb5c947787c5d08b0a50663d139f1305bac5885d98d9b40fa \
    --hash=sha256:3524b778fe5cfb3452a09d31e7b5adefeea8c5be1d43c4f810ba09f2ceb29d37 \
    --hash=sha256:3537e01efc9d4dccdf77221fb1cb3b8e1a38d5428920e0657ce299b20324d758 \
    --hash=sha256:35add3b638a5d900e807944a078b51922212fb3dedb01633a8defc4b01a3c85f \
    --hash=sha256:38664109c14ffc9e7437e86b4dceb442b0096dfe3541d7864d9cbe1da4cf36c8 \
    --hash=sha256:3a7e8ae81ae39e62a41ec302f972ba6ae23a5c5396c8e60113e9066ef893da0d \
    --hash=sha256:3b562dd9e9ea93f13d53989d23a7e775fdfd1066c33494ff43f5418bc8c58a5c \
    --hash=sha256:457a69a9577064c05a97c41f4e65148652db078a3a509039e64d3467b9e7ef97 \
    --hash=sha256:4bd4cd07944443f5a265608cc6aab442e4f74dff8088b0dfc8238647b8f6ae9a \
    --hash=sha256:4e885a3d1efa2eadc93c894a21770e4bc67899e3543680313b09f139e149ab19 \
    --hash=sha256:4faffd047e07c38848ce017e8725090413cd80cbc23d86e55c587bf979e579c9 \
    --hash=sha256:509fa21c6deb7a7a273d629cf5ec029bc209d1a51178615ddf718f5918992ab9 \
    --hash=sha256:5678211cb9333a6468fb8d8be0305520aa073f50d17f089b5b4b477ea6e67fdc \
    --hash=sha256:591ae9f2a647529ca990bc681daebdd52c8791ff06c2bfa05b65163e28102ef2 \
    --hash=sha256:5a7d5dc5140555cf21a6fefbdbf8723f06fcd2f63ef108f2854de715e4422cb4 \
    --hash=sha256:69c0b73548bc525c8cb9a251cddf1931d1db4d2258e9599c28c07ef3580ef354 \
    --hash=sha256:6b5420a1d9450023228968e7e6a9ce57f65d148ab56d2313fcd589eee96a7a50 \
    --hash=sha256:722695808f4b6457b320fdc131280796bdceb04ab50fe1795cd540799ebe1698 \
    --hash=sha256:729586769a26dbceff69f7a7dbbf59ab6572b99d94576a5592625d5b411576b9 \
    --hash=sha256:77f0643abe7495da77fb436f50f8dab76dbc6e5fd25d39589a0f1fe6548bfa2b \
    --hash=sha256:795e7751525cae078558e679d646ae45574b47ed6e7771863fcc079a6171a0fc \
    --hash=sha256:7be7b61bb172e1ed687f1754f8e7484f1c8019780f6f6b0786e76bb01c2ae115 \
    --hash=sha256:7c3fb7d25180895632e5d3148dbdc29ea38ccb7fd210aa27acbd1201a1902c6e \
    --hash=sha256:7e68f88e5b8799aa49c85cd116c932a1ac15caaa3f5db09087854d218359e485 \
    --hash=sha256:83891d0e9fb81a825d9a6d61e3f07550ca70a076484292a70fde82c4b807286f \
    --hash=sha256:8485f406a96febb5140bfeca44a73e3ce5116b2501ac54fe953e488fb1d03b12 \
    --hash=sha256:8709b08f4a89aa7586de0aadc8da56180242ee0ada3999749b183aa23df95025 \
    --hash=sha256:8f71bc33915be5186016f675cd83a1e08523649b0e33efdb898db577ef5bb009 \
    --hash=sha256:915c04ba3851909ce68ccc2b8e2cd691618c4dc4c4232fb7982bca3f41fd8c3d \
    --hash=sha256:949b8d66bc381ee8b007cd945914c721d9aba8e27f71959d750a46f7c282b20b \
    --hash=sha256:94c6f0bb423f739146aec64595853541634bde58b2135f27f61c1ffd1cd4d16a \
    --hash=sha256:9a1abfdc021a164803f4d485104931fb8f8c1efd55bc6b748d2f5774e78b62c5 \
    --hash=sha256:9b79b7a16f7fedff2495d684f2b59b0457c3b493778c9eed31111be64d58279f \
    --hash=sha256:a320721ab5a1aba0a233739394eb907f8c8da5c98c9181d1161e77a0c8e36f2d \
    --hash=sha256:a4afe79fb3de0b7097d81da19090f4df4f8d3a2b3adaa8764138aac2e44f3af1 \
    --hash=sha256:ad2cf8aa28b8c020ab2fc8287b0f823d0a7d8630784c31e9ee5edea20f406287 \
    --hash=sha256:b8512a91625c9b3da6f127803b166b629725e68af71f8184ae7e7d54686a56d6 \
    --hash=sha256:bc51efed119bc9cfdf792cdeaa4d67e8f6fcccab66ed4bfdd6bde3e59bfcbb2f \
    --hash=sha256:bdc919ead48f234740ad807933cdf545180bfbe9342c2bb451556db2ed958581 \
    --hash=sha256:bdd37121970bfd8be76c5fb069c7751683bdf373db1ed6c010162b2a130248ed \
    --hash=sha256:be8813b57049a7dc738189df53d69395eba14fb99345e0a5994914a3864c8a4b \
    --hash=sha256:c0c0b3ade1c0b13b936d7970b1d37a57acde9199dc2aecc4c336773e1d86049c \
    --hash=sha256:c47a551199eb8eb2121d4f0f15ae0f923d31350ab9280078d1e5f12b249e0026 \
    --hash=sha256:c4ffb7ebf07cfe8931028e3e4c85f0357459a3f9f9490886198848f4fa002ec8 \
    --hash=sha256:ccfcd093f13f0f0b7fdd0f198b90053bf7b2f02a3927a30e63f3ccc9df56b676 \
    --hash=sha256:d2ee202e79d8ed691ceebae8e0486bd9a2cd4794cec4824e1c99b6f5009502f6 \
    --hash=sha256:d53197da72cc091b024dd97249dfc7794d6a56530370992a5e1a08983ad9230e \
    --hash=sha256:d6dd0be5b5b189d31db7cda48b91d7e0a9795f31430b7f271219ab30f1d3ac9d \
    --hash=sha256:d88b440e37a16e651bda4c7c2b930eb586fd15ca7406cb39e211fcff3bf3017d \
    --hash=sha256:de8a88e63464af587c950061a5e6a67d3632e36df62b986892331d4620a35c01 \
    --hash=sha256:df2449253ef108a379b8b5d6b43f4b1a8e81a061d6537becd5582fba5f9196d7 \
    --hash=sha256:e1c1493fb6e50ab01d20a22826e57520f1284df32f2d8601fdd90b6304601419 \
    --hash=sha256:e1cf1972137e83c5d4c136c43ced9ac51d0e124706ee1c8aa8532c1287fa8795 \
    --hash=sha256:e2103a929dfa2fcaf9bb4e7c091983a49c9ac3b19c9061b6d5427dd7d14d81a1 \
    --hash=sha256:e56b7d45a839a697b5eb268c82a71bd8c7f6c94d6fd50c3d577fa39a9f1409f5 \
    --hash=sha256:e8afc3f2ccfa24215f8cb28dcf43f0113ac3c37c2f0f0806d8c70e4228c5cf4d \
    --hash=sha256:e8fc20152abba6b83724d7ff268c249fa196d8259ff481f3b1476383f8f24e42 \
    --hash=sha256:eaa9599de571d72e2daf60164784109f19978b327a3910d3e9de8c97b5b70cfe \
    --hash=sha256:ec15a59cf5af7be74194f7ab02d0f59a62bdcf1a537677ce67a2537c9b87fcda \
    --hash=sha256:f190daf01f13c72eac4efd5c430a8de82489d9cff23c364c3ea822545032993e \
    --hash=sha256:f34c41761022dd093b4b6896d4810782ffbabe30f2d443ff5f083e0cbbb8c737 \
    --hash=sha256:f3e98bb3798ead92273dc0e5fd0f31ade220f59a266ffd8a4f6065e0a3ce0523 \
    --hash=sha256:f42d0984e947b8adf7dd6dde396e720934d12c506ce84eea8476409563607591 \
    --hash=sha256:f71a396b3bf33ecaa1626c255855702aca4d3d9fea5e051b41ac59a9c1c41edc \
    --hash=sha256:f9e130248f4462aaa8e2552d547f36ddadbeaa573879158d721bbd33dfe4743a \
    --hash=sha256:fed51ac40f757d41b7c48425901843666a6677e3e8eb0abcff09e4ba6e664f50
    # via
    #   -r tools/jovian_wheel_runtime/foundation-runtime.in
    #   jinja2
mpmath==1.3.0 \
    --hash=sha256:7a28eb2a9774d00c7bc92411c19a89209d5da7c4c9a9e227be8330a23a25b91f \
    --hash=sha256:a0b2b9fe80bbcd81a6647ff13108738cfb482d481d826cc0e02f5b35e5c88d2c
    # via
    #   -r tools/jovian_wheel_runtime/foundation-runtime.in
    #   sympy
networkx==3.6.1 \
    --hash=sha256:26b7c357accc0c8cde558ad486283728b65b6a95d85ee1cd66bafab4c8168509 \
    --hash=sha256:d47fbf302e7d9cbbb9e2555a0d267983d2aa476bac30e90dfbe5669bd57f3762
    # via -r tools/jovian_wheel_runtime/foundation-runtime.in
numpy==2.1.0 \
    --hash=sha256:08801848a40aea24ce16c2ecde3b756f9ad756586fb2d13210939eb69b023f5b \
    --hash=sha256:0937e54c09f7a9a68da6889362ddd2ff584c02d015ec92672c099b61555f8911 \
    --hash=sha256:0ab32eb9170bf8ffcbb14f11613f4a0b108d3ffee0832457c5d4808233ba8977 \
    --hash=sha256:0abb3916a35d9090088a748636b2c06dc9a6542f99cd476979fb156a18192b84 \
    --hash=sha256:0af3a5987f59d9c529c022c8c2a64805b339b7ef506509fba7d0556649b9714b \
    --hash=sha256:10e2350aea18d04832319aac0f887d5fcec1b36abd485d14f173e3e900b83e33 \
    --hash=sha256:15ef8b2177eeb7e37dd5ef4016f30b7659c57c2c0b57a779f1d537ff33a72c7b \
    --hash=sha256:1f817c71683fd1bb5cff1529a1d085a57f02ccd2ebc5cd2c566f9a01118e3b7d \
    --hash=sha256:24003ba8ff22ea29a8c306e61d316ac74111cebf942afbf692df65509a05f111 \
    --hash=sha256:30014b234f07b5fec20f4146f69e13cfb1e33ee9a18a1879a0142fbb00d47673 \
    --hash=sha256:343e3e152bf5a087511cd325e3b7ecfd5b92d369e80e74c12cd87826e263ec06 \
    --hash=sha256:378cb4f24c7d93066ee4103204f73ed046eb88f9ad5bb2275bb9fa0f6a02bd36 \
    --hash=sha256:398049e237d1aae53d82a416dade04defed1a47f87d18d5bd615b6e7d7e41d1f \
    --hash=sha256:3a3336fbfa0d38d3deacd3fe7f3d07e13597f29c13abf4d15c3b6dc2291cbbdd \
    --hash=sha256:442596f01913656d579309edcd179a2a2f9977d9a14ff41d042475280fc7f34e \
    --hash=sha256:44e44973262dc3ae79e9063a1284a73e09d01b894b534a769732ccd46c28cc62 \
    --hash=sha256:54139e0eb219f52f60656d163cbe67c31ede51d13236c950145473504fa208cb \
    --hash=sha256:5474dad8c86ee9ba9bb776f4b99ef2d41b3b8f4e0d199d4f7304728ed34d0300 \
    --hash=sha256:54c6a63e9d81efe64bfb7bcb0ec64332a87d0b87575f6009c8ba67ea6374770b \
    --hash=sha256:624884b572dff8ca8f60fab591413f077471de64e376b17d291b19f56504b2bb \
    --hash=sha256:6326ab99b52fafdcdeccf602d6286191a79fe2fda0ae90573c5814cd2b0bc1b8 \
    --hash=sha256:652e92fc409e278abdd61e9505649e3938f6d04ce7ef1953f2ec598a50e7c195 \
    --hash=sha256:6c1de77ded79fef664d5098a66810d4d27ca0224e9051906e634b3f7ead134c2 \
    --hash=sha256:76368c788ccb4f4782cf9c842b316140142b4cbf22ff8db82724e82fe1205dce \
    --hash=sha256:7a894c51fd8c4e834f00ac742abad73fc485df1062f1b875661a3c1e1fb1c2f6 \
    --hash=sha256:7dc90da0081f7e1da49ec4e398ede6a8e9cc4f5ebe5f9e06b443ed889ee9aaa2 \
    --hash=sha256:848c6b5cad9898e4b9ef251b6f934fa34630371f2e916261070a4eb9092ffd33 \
    --hash=sha256:899da829b362ade41e1e7eccad2cf274035e1cb36ba73034946fccd4afd8606b \
    --hash=sha256:8ab81ccd753859ab89e67199b9da62c543850f819993761c1e94a75a814ed667 \
    --hash=sha256:8fb49a0ba4d8f41198ae2d52118b050fd34dace4b8f3fb0ee34e23eb4ae775b1 \
    --hash=sha256:9156ca1f79fc4acc226696e95bfcc2b486f165a6a59ebe22b2c1f82ab190384a \
    --hash=sha256:9523f8b46485db6939bd069b28b642fec86c30909cea90ef550373787f79530e \
    --hash=sha256:a0756a179afa766ad7cb6f036de622e8a8f16ffdd55aa31f296c870b5679d745 \
    --hash=sha256:a0cdef204199278f5c461a0bed6ed2e052998276e6d8ab2963d5b5c39a0500bc \
    --hash=sha256:ab83adc099ec62e044b1fbb3a05499fa1e99f6d53a1dde102b2d85eff66ed324 \
    --hash=sha256:b34fa5e3b5d6dc7e0a4243fa0f81367027cb6f4a7215a17852979634b5544ee0 \
    --hash=sha256:b47c551c6724960479cefd7353656498b86e7232429e3a41ab83be4da1b109e8 \
    --hash=sha256:c4cd94dfefbefec3f8b544f61286584292d740e6e9d4677769bc76b8f41deb02 \
    --hash=sha256:c4f982715e65036c34897eb598d64aef15150c447be2cfc6643ec7a11af06574 \
    --hash=sha256:d8f699a709120b220dfe173f79c73cb2a2cab2c0b88dd59d7b49407d032b8ebd \
    --hash=sha256:dd94ce596bda40a9618324547cfaaf6650b1a24f5390350142499aa4e34e53d1 \
    --hash=sha256:de844aaa4815b78f6023832590d77da0e3b6805c644c33ce94a1e449f16d6ab5 \
    --hash=sha256:e5f0642cdf4636198a4990de7a71b693d824c56a757862230454629cf62e323d \
    --hash=sha256:f07fa2f15dabe91259828ce7d71b5ca9e2eb7c8c26baa822c825ce43552f4883 \
    --hash=sha256:f15976718c004466406342789f31b6673776360f3b1e3c575f25302d7e789575 \
    --hash=sha256:f358ea9e47eb3c2d6eba121ab512dfff38a88db719c38d1e67349af210bc7529 \
    --hash=sha256:f505264735ee074250a9c78247ee8618292091d9d1fcc023290e9ac67e8f1afa \
    --hash=sha256:f5ebbf9fbdabed208d4ecd2e1dfd2c0741af2f876e7ae522c2537d404ca895c3 \
    --hash=sha256:f6b26e6c3b98adb648243670fddc8cab6ae17473f9dc58c51574af3e64d61211 \
    --hash=sha256:f8e93a01a35be08d31ae33021e5268f157a2d60ebd643cfc15de6ab8e4722eb1 \
    --hash=sha256:fe76d75b345dc045acdbc006adcb197cc680754afd6c259de60d358d60c93736 \
    --hash=sha256:ffbd6faeb190aaf2b5e9024bac9622d2ee549b7ec89ef3a9373fa35313d44e0e
    # via -r tools/jovian_wheel_runtime/foundation-runtime.in
nvidia-cublas==13.7.0.27 \
    --hash=sha256:15d3963ae9de7292348ced320c849ff27f76b0f433b81589e9eb87f5407841c9 \
    --hash=sha256:39f240346a8bbc6c4f1e3100dcfa2c6d3fe353db513060329ef28cdd43c27f2f \
    --hash=sha256:481adf76a6b7585a7a4cd5f53298589abe207415dd584887751b99baa85491d4 \
    --hash=sha256:4cf58f2c8a4743a2717b0f5c51a90f0d93ada416d71eb3d96b17ca29b7af0106
    # via
    #   -r tools/jovian_wheel_runtime/foundation-runtime.in
    #   nvidia-cudnn-cu13
    #   nvidia-cusolver
nvidia-cuda-cccl==13.3.4.2.1 \
    --hash=sha256:1acac53f4af7766d7ab7cc7be5c89d9533d545dbef4910f3b5aab5ae4ef4da48 \
    --hash=sha256:2b932d5419e7d2e03aee621a550191d67d74649fb8ba0adb940a6917994df438 \
    --hash=sha256:36dd7c32e77fc97909fad2b1c1d07eda30783611994471b6a4efd5c018a0e9b8 \
    --hash=sha256:4a78adf03982c941708aa9cc7967d73370a9c59ad1ac4e63a1ca7509bc54e392
    # via nvidia-nvshmem-cu13
nvidia-cuda-crt==13.4.59 \
    --hash=sha256:02e408d082f5b5a653b1ce8d97c7fabd76fa68c8770cc11d04bbc2440dfdd7a8 \
    --hash=sha256:32a48e6b08d1c00f10068edd2e212b9c0e9a1a784a0403cdd715fa81551759f9 \
    --hash=sha256:cf51a97c180dfff25b63a8dd0d4a760e8c6ffa2e934b5b3348873fefd0cd0a2c \
    --hash=sha256:d573b3c663585b2d97e6edddd4b71407d38dfda5046aa7ab370759dc8698c409
    # via nvidia-cuda-nvcc
nvidia-cuda-cupti==13.4.58 \
    --hash=sha256:1d0cc8f0d2141c1dae72e2a7618edc2407da02b6a9111bc093f9c15fe8edf3a0 \
    --hash=sha256:7692ab22ff59852807c7e5946505b31b5943e56964f6afb6d7f572e668a92607 \
    --hash=sha256:97203894e99c68ba120eaef7327449a7573634a0f774cf75679718d5f6b50609 \
    --hash=sha256:b6fa6525b6314a10c7adffcf4f2b0b2987580547672ba6e07054b38c0516d91a
    # via -r tools/jovian_wheel_runtime/foundation-runtime.in
nvidia-cuda-nvcc==13.4.59 \
    --hash=sha256:18f351fcc3db1b048c1443934ffad3f55c7603d5f2cb0af94dfc6decbc35612e \
    --hash=sha256:5a02c4a5beb1cc19a56148c0384c2ef7c2699259308ae41fc32ddab3976b51ce \
    --hash=sha256:d150d4e92e1fceaea4c7939e140c13045d4e6b81e7f91048549f50363318017a \
    --hash=sha256:fd0719f59b87e14c96a75c0219932b248ac32ba431273b1bc830102efe912f1f
    # via -r tools/jovian_wheel_runtime/foundation-runtime.in
nvidia-cuda-nvrtc==13.4.59 \
    --hash=sha256:93755e0f94e717c61168fb348ab5e2f5c67aa2f918416b1786f55ff813f6923d \
    --hash=sha256:da5e1ba65f402b2fdf1c4bfcb16e27df47e8ade27f7936b1524cb10cdd61a1c8 \
    --hash=sha256:ec27241be8b65e88d37a25d5e4ec0f4fdb0499439a7d5122cfdc74457752ae81 \
    --hash=sha256:f6cb36996797989976bd021d89e263be379668be7a4249cc95a3d11590bda652
    # via
    #   -r tools/jovian_wheel_runtime/foundation-runtime.in
    #   nvidia-cublas
nvidia-cuda-runtime==13.4.49 \
    --hash=sha256:0b228cc646acda27e9b512b8b94417c3ff8b3d24a0ad9b1d6603dc6c2a908046 \
    --hash=sha256:415721ff22922160690b91aa1f71691768101fcf88a2583fb3b4544c8cccfee4 \
    --hash=sha256:65953fd8e1ac0477d088befb2e6c725c2f848996e6fd49c23241ab1a7c800c29 \
    --hash=sha256:7497eabb284aad39c47b7b469f681578dcc6aa4ebabd838c042b9bcf5f6d0abe
    # via
    #   -r tools/jovian_wheel_runtime/foundation-runtime.in
    #   nvidia-cuda-nvcc
nvidia-cudnn-cu13==9.26.0.51 \
    --hash=sha256:8e37a83d7dd7c2663afcae38b1c95c5e9e7c9754f313800da95ca81439fa37f9 \
    --hash=sha256:8e5b4f5eccff721416f70ecf4353172fc4d5cdd8ca869fe6f983a4a5b0147b20 \
    --hash=sha256:9c976d539786698c71d6bcdbe2053b7485fae062ff7e1215d2f2ff67b1a2149a
    # via -r tools/jovian_wheel_runtime/foundation-runtime.in
nvidia-cufft==12.4.0.34 \
    --hash=sha256:24db6aab7e8e62475a32d147ea374562fb7397eb9134b359ed788b0544f613d7 \
    --hash=sha256:a62fc7d3a21869baec8bad95a66625c70a8321672c41ea2218fcf55e07f5ad4b \
    --hash=sha256:dcfd1c860e242b03518eeb30d21deb8c9496e6660b0d3f5485a2ffc492a7185a \
    --hash=sha256:faf25c648f0999f14a5ce31cafd98aa166ebaeee993370b0ef60b86863f99119
    # via -r tools/jovian_wheel_runtime/foundation-runtime.in
nvidia-cufile==1.19.0.109 \
    --hash=sha256:c68cd21b6c9c31b35e72626d5792446e4839e89139a74e4e6a05645f5785355b \
    --hash=sha256:ef4dc0702f678699d7667cb7f170849dc2061dc16851d7e6cdf72670111660f6
    # via -r tools/jovian_wheel_runtime/foundation-runtime.in
nvidia-curand==10.4.4.49 \
    --hash=sha256:29ab34b14d64df5e8d0dca7302d0efe104112a8e3dbf57aea6228a9357c8543a \
    --hash=sha256:51b463b4cac6aa73ab54ecf2b752046d8a5f760957becc0aea90f2ca9abdaf56 \
    --hash=sha256:5992fea10ff452dc4f0357d2c76ab8ac7e31f5fa99938a019abc18545ab5e3ce \
    --hash=sha256:8dd1d9412eb0cede40da64bba937e62585e8841388a767024011cd066eec5d37
    # via -r tools/jovian_wheel_runtime/foundation-runtime.in
nvidia-cusolver==12.3.2.15 \
    --hash=sha256:04a598c31c74e88293a505a5d36fa9030bba4e2b05b19be3f75fbb869ffadaf5 \
    --hash=sha256:0e401b1ae1e484e5e17218b919f9a17ba3c273ab11e788a8bdedcdc245d98af3 \
    --hash=sha256:a05f3ecb2e2df22117173e49e3c57e80ecbb8f4f1fc8b28750fb0d019be65bb8 \
    --hash=sha256:a2a87b02aa59a88220f6c2d28589decb167ba3a575dfe90ec490cac841fe788f
    # via -r tools/jovian_wheel_runtime/foundation-runtime.in
nvidia-cusparse==12.8.6.49 \
    --hash=sha256:3bf4f2e34e8cfe0c691a4afd7bd479bee49f44dc5fa4940d9d54f720cbd6f2f3 \
    --hash=sha256:7578698de43ca4f72371076adcba460182c4ae5b2263a094d6e70bc59db7fe10 \
    --hash=sha256:aeee3f0f53e18345a75c9cb25d34070823d73ae193ab231ee7438fe30abbdfc5 \
    --hash=sha256:f740691172baae1d498f754cfbb565933c7dbcd7b16544d69fa666283d0715d7
    # via
    #   -r tools/jovian_wheel_runtime/foundation-runtime.in
    #   nvidia-cusolver
nvidia-cusparselt-cu13==0.9.1 \
    --hash=sha256:49e54b7cecb049b039381d4cb8389afd2f18d83cdca285ba8231ee0ff4341dc1 \
    --hash=sha256:514a84d71b4edb8609108253d3d9ea283542162a0861787f600b704ed663e58c \
    --hash=sha256:a7dd536f0fd2ea7c65395a6d63568bcd98c2522349112e1e61f8b1d19d559528
    # via -r tools/jovian_wheel_runtime/foundation-runtime.in
nvidia-nvjitlink==13.4.52 \
    --hash=sha256:3a589e3732140839349545efd0db67426523459b12e6952c3c73b6d55900f200 \
    --hash=sha256:4bd7c27adc7832da5e6b8580fa64a42b9eebc94baae3ddcbedf4719f0bab2bb8 \
    --hash=sha256:75f7e1a04b0a63c7d8af9921e1ed45d9ef880d3c6ef976989082482698e01205 \
    --hash=sha256:90401db7e5a580a5067a468b3086e0b65f3b96ab3c42524afd741efc8a0e150a
    # via
    #   -r tools/jovian_wheel_runtime/foundation-runtime.in
    #   nvidia-cufft
    #   nvidia-cusolver
    #   nvidia-cusparse
nvidia-nvshmem-cu13==3.7.1 \
    --hash=sha256:23bd649aeb0518a380ed649bdbe090cbbac95aa24b8038890454dedd5cf51350 \
    --hash=sha256:d0ac6c34d77d7528c72f0e50ed6a03a19670a8c6d0dc8c67a06f768502698f9a
    # via -r tools/jovian_wheel_runtime/foundation-runtime.in
nvidia-nvtx==13.4.49 \
    --hash=sha256:b81df65b135cfaafb0ff1bc6a9eef6c597c62c5805fc1437e659d88b9b39717f \
    --hash=sha256:b8aa907e71a84183de6a33df169de91eedd14a898895abcf1b10319267273157 \
    --hash=sha256:c2d174f7d182d090ab29aa180031e07b596a229a1cea850dbf5ceacc553e4be0 \
    --hash=sha256:ddb11f33842a0155ea52be98c5763634ca8cc7f8e859117a4ee8306abc9922da
    # via -r tools/jovian_wheel_runtime/foundation-runtime.in
nvidia-nvvm==13.4.59 \
    --hash=sha256:05a8fd4c35986b12598a46b1e8adcb84ec37f71e1897d46689d8848a0422649a \
    --hash=sha256:42fb0febb7d54fe25401cbb1887a295fb79f63eb8de087c4b551941f452ea880 \
    --hash=sha256:5b21e81ca57ca15b13d75866de7d45e524eaba2fb418738d2bac5509e9a0e502 \
    --hash=sha256:ddbf1113c0cc4e8ba56b2dd4f6ffbfb4fe6c9ba8cf55aec72d66e6229ce67d10
    # via nvidia-cuda-nvcc
pillow==12.3.0 \
    --hash=sha256:00808c5e14ef63ac5161091d242999076604ff74b883423a11e5d7bbb38bf756 \
    --hash=sha256:04f01d28a6aaff387bf842a13be313df23ba0597a44f1a976c9feb3c6ff4711a \
    --hash=sha256:06ff022112bc9cbf83b60f8e028d94ad87b60621706487e65f673de61610ab59 \
    --hash=sha256:0740a512dc522224c77d9aa5a8d70d8b7d73fb91f2c21125d8d025d3b8990e45 \
    --hash=sha256:0847a763afefb695bc912d7c131e7e0632d4edc1d8698f58ddabec8e46b8b6d3 \
    --hash=sha256:0dd2064cbc55aaec028ef5fbb60fa47bb6c3e7918e07ff17935284b227a9d2df \
    --hash=sha256:0feb2e9d6ad6c9e3c06effe9d00f3f1e618a6643273576b016f591e9315a7139 \
    --hash=sha256:10e41f0fbf1eec8cfd234b8fe17a4caac7c9d0db4c204d3c173a8f9f6ef3232b \
    --hash=sha256:1182d52bc2d5e5d7d0949503aa7e36d12f42205dc287e4883f407b1988820d39 \
    --hash=sha256:164b31cd1a0490ab6efae01aa5df49da7061be0af1b30e035b6e9a1bfe34ee6e \
    --hash=sha256:1657923d2d45afb66526e5b933e5b3052e6bdea196c90d3abb2424e18c77dae8 \
    --hash=sha256:186941b6aef820ad110fb01fb06eb925374dc3a21b17e37ec9a53b250c6fe2d1 \
    --hash=sha256:1cca606cd25738df4ed873d5ad46bbdb3d83b5cbca291f6b4ff13a4df6b0bbe8 \
    --hash=sha256:21900ce7ba264168cd50defae43cd75d25c833ad4ad6e73ffc5596d12e25ac89 \
    --hash=sha256:236ff70b9312fb68943c703aa842ca6a758abfa45ac187a5e7c1452e96ef72b5 \
    --hash=sha256:23aceaa007d6172b02c277f0cd359c79492bbb14f7072b4ede9fbcaf20648130 \
    --hash=sha256:23d27a3e0307ec2244cc51e7287b919aa68d097504ebe19df4e76a98a3eea5bd \
    --hash=sha256:24870b09b224f7ae3c39ed07d10e819d06f8720bc551847b1d623832b5b0e28d \
    --hash=sha256:251bf95b67017e27b13d82f5b326234ca62d70f9cf4c2b9032de2358a3b12c7b \
    --hash=sha256:25b9b82bb22e6e2b3cd07b39c68b7b862001226cb3dff7130d1cb914121b39ed \
    --hash=sha256:28ce87c5ab450a9dd970b52e5aca5fe63ed432d18a2eaddd1979a00a1ba24ace \
    --hash=sha256:300557495eb45ebb8aec96c2da9c4be642fbf7cd937278b4013ba894ea8eb0eb \
    --hash=sha256:30f2aa603c41533cc25c05acd0da21636e84a315768feb631c937177db558931 \
    --hash=sha256:331b624368d4f1d069149002f25f44bc61c8919ce8ddb3c45bdad8f6e2d89510 \
    --hash=sha256:37d6d0a00072fd2948eb22bce7e1475f34569d90c87c59f7a2ec59541b77f7a6 \
    --hash=sha256:37dc8f7bbb66efe481bb60defacef820c950c24713fb44962ed6aa2a50966de1 \
    --hash=sha256:3b8182a766685eaa002637e28b4ec8d6b18819a0c71f579bf0dbaa5830297cce \
    --hash=sha256:3edce1d53195db527e0191f84b71d02022de0540bf43a16ed734ed7537b07385 \
    --hash=sha256:446c34dcc4324b084a53b705127dc15717b22c5e140ae0a3c38349d4efec071e \
    --hash=sha256:4998562bf62a445225f22e07c896bb04b35b1b1f2eb6d760584c9c51d7a5f78c \
    --hash=sha256:4b0a7fe987b14c31ebda6083f74f22b561fd3739bc0ac51e019622e3d72668c7 \
    --hash=sha256:4e8c2a84d977f50b9daed6eeaf3baef67d00d5d74d932288f02cb94518ee3ace \
    --hash=sha256:4f883547d4b7f0495ebe7056b0cc2aea76094e7a4abc8e933540f3271df27d9c \
    --hash=sha256:514435a37670e3e5e08f3945b68718b6ed329bb84367777e16f9f4dfe1e61a0f \
    --hash=sha256:53aa02d20d10c3d814d536aa4e5ac9b84ca0ff5a88377963b085ad6822f93e64 \
    --hash=sha256:5594fc43d548a7ed94949d139aa1341b270f1863f11cfd37f5a6c8b778a6b67f \
    --hash=sha256:571b9fcb07b97ef3a492028fb3d2dc0993ca23a06138b0315286566d29ef718a \
    --hash=sha256:57b3d78c95ba9059768b10e28b813002261d3f3dfc55cc48b0c988f625175827 \
    --hash=sha256:5afb51d599ea772b8365ae807ae557f18bccfe46ab261fd1c2a9ed700fc6eb17 \
    --hash=sha256:6b02afb9b97f65fbca5f31db6a2a3ba21aa93030225f150fa3f249717e938fb4 \
    --hash=sha256:6c0016e7b354317c4e9e525b937ac8596c38d2d232b419529b9cd7a1cd46e39a \
    --hash=sha256:71d6097b330eea8fd15097780c8e89cb1a8ce7838669f48c5bacd6f663dd4701 \
    --hash=sha256:756c768d0c9c2955feb7a56c37ea24aea2e369f8d36a88da270b6a9f19e62b5e \
    --hash=sha256:78cb2c6865a35ab8ff8b75fd122f6033b92a62c82801110e48ddd6c936a45d91 \
    --hash=sha256:7a743ff716f746fc19a9557f60dab1600d4613255f8a7aeb3cdde4db7eb15a66 \
    --hash=sha256:85f998ea1848bc6757289e739cfbdda3a04adfd58b02fc018ce54d754a5ce468 \
    --hash=sha256:8728f216dcdb6e6d555cf971cb34076139ad74b31fc2c14da4fafc741c5f6217 \
    --hash=sha256:877c3f311ff35410f690861c4409e7ccbf0cd2f878e50628a28e5a0bb689e658 \
    --hash=sha256:8cd2f7bdda092d99c9fc2fb7391354f306d01443d22785d0cbfafa2e2c8bb418 \
    --hash=sha256:8e95e1385e4998ae9694eeaa4730ba5457ff61185b3a55e2e7bea0880aef452a \
    --hash=sha256:962864dc93511324d51ddbb5b9f8731bf71675b93ca612a07441896f4688fb8c \
    --hash=sha256:9cf95fe4d0f84c82d282745d9bb08ad9f926efa00be4697e767b814ce40d4330 \
    --hash=sha256:9e881fca225083806662a5c43d627d215f258ff43c890f831966c7d7ba9c7402 \
    --hash=sha256:a2b55dd6b2a4c4b7d87ffa56bdb33fdc5fdb9a462173861a7bc097f17d91cb09 \
    --hash=sha256:a45650e8ce7fafffd731db8550230db6b0d306d181a90b67d3e6bca2f1990930 \
    --hash=sha256:a876864214e136f0eb367788dbd7df045f4806801518e2cfe9e13229cfe06d8f \
    --hash=sha256:ae26d61dfa7a47befdc7572b521024e8745f3d809bd95ca9505a7bba9ef849ec \
    --hash=sha256:af8d94b0db561cf68b88a267c5c44b49e134f525d0dc2cb7ed413a66bc23559a \
    --hash=sha256:b343699e8308bdc51978310e1c959c584e7869cc8c40780058c87da7781a1e94 \
    --hash=sha256:b3c777e849237620b022f7f297dd67705f9f5cf1685f09f02e46f93e92725468 \
    --hash=sha256:b629de27fda84b42cde7edef0d85f13b958b47f6e9bbcbba9b673c562a89bd8b \
    --hash=sha256:ba09209fbe443b4acccebe845d8a138b89a8f4fbaeedd44953490b5315d5e965 \
    --hash=sha256:ba54cfebe86920a559a7c4d6b9050791c20513650a1952ebe3368c7dc70306f8 \
    --hash=sha256:bcb46e2f9feff8d06323983bd83ed00c201fdcab3d74973e7072a889b3979fcd \
    --hash=sha256:bcc33feacfaefce60c12fd500a277533bdc02b10a19f7f6d348763d8140bbba7 \
    --hash=sha256:bf16ba1b4d0b6b7c8e534936632270cf70eb00dbe09005bc345b2677b726855c \
    --hash=sha256:cf1845d02ad822a369a49f2bb9345b1614744267682e7a03527dc3bf6eea1777 \
    --hash=sha256:d69141514cc30b774ceea5e3ed3a6635c8d8a96edf664689b890f4089111fb35 \
    --hash=sha256:d9c7f76c0673154f044e9d78c8655fb4213f6ca31a836df48b40fe5d187717b9 \
    --hash=sha256:dbce0b29841537a2fa4a214c2bbf14de3587c9680caa9b4e217568472490b28f \
    --hash=sha256:dc624f6bc473dacdf7ef7eb8678d0d08edf15cd94fad6ae5c7d6cc67a4e4902f \
    --hash=sha256:e158cb00350dc278f3b91551101aa7d12415a66ebf2c91d8d5ac14e56ddd3ad0 \
    --hash=sha256:e491916b378fba47242221bb9ead245211b70d504f495d105d17b14a24b4907c \
    --hash=sha256:e795b7eb908249c4e43c7c99fac7c2c75dab0c43566e37db472a355f63693d71 \
    --hash=sha256:e7e480451b9fa137494bccd3a7d69adbe8ac65a87d97be61e11f1b1050a5bac3 \
    --hash=sha256:e91206ee562682b51b98ef4b26a6ef48fd84e15fd4c4bc5ec768eb641d206838 \
    --hash=sha256:e9871b1ffbfa9656b60aeee92ed5136a5742696006fa322b29ea3d8da0ecc9cf \
    --hash=sha256:e9aeb04d6aef139de265b29683e119b638208f88cf73cdd1658aa07221165321 \
    --hash=sha256:ebaea975e03d3141d9d3a507df75c9b3ec90fa9d2ffd07567b3a978d9d790b26 \
    --hash=sha256:f0606c8bf2cdefea14a43530f7657cbbb7ecf1c4222512492ef4a4434a9501ec \
    --hash=sha256:f13c32a3abd6079a66d9526e18dad9b6d280384d49d7c54040cd57b6424041d9 \
    --hash=sha256:f7401aebd7f581d7f83a439d87d474999317ee099218e5ad25d125290990ba65 \
    --hash=sha256:fa4ecea169a355be7a3ade2c783e2ed12f0e40d2c5621cda8b3297faf7fbb9f5 \
    --hash=sha256:fbd139c8447d25dd750ab79ee274cc5e1fe80fc56340ab10b18a195e1b6eca3e \
    --hash=sha256:fdafc9cce40277e0f7a0feabce0ee50dd2fa1800f3b38015e51296b5e814048d \
    --hash=sha256:fe3cca2e4e8a592be0f269a1ca4835c25199d9f3ce815c8491048f785b0a0198 \
    --hash=sha256:ffd0c5368496f41b0944be820fcb7a838aa6e623d250b01acf2643939c3f99d7
    # via -r tools/jovian_wheel_runtime/foundation-runtime.in
setuptools==81.0.0 \
    --hash=sha256:487b53915f52501f0a79ccfd0c02c165ffe06631443a886740b91af4b7a5845a \
    --hash=sha256:fdd925d5c5d9f62e4b74b30d6dd7828ce236fd6ed998a08d81de62ce5a6310d6
    # via -r tools/jovian_wheel_runtime/foundation-runtime.in
sympy==1.14.0 \
    --hash=sha256:d3d3fe8df1e5a0b42f0e7bdf50541697dbe7d23746e894990c030e2b05e72517 \
    --hash=sha256:e091cc3e99d2141a0ba2847328f5479b05d94a6635cb96148ccb3f34671bd8f5
    # via -r tools/jovian_wheel_runtime/foundation-runtime.in
typing-extensions==4.16.0 \
    --hash=sha256:481caa481374e813c1b176ada14e97f1f67a4539ce9cfeb3f350d78d6370c2e8 \
    --hash=sha256:dc983d19a509c94dba722ee6abd33940f7c05a89e243c47e907eb4db6f1a43e5
    # via -r tools/jovian_wheel_runtime/foundation-runtime.in
